// !$*UTF8*$!
{
	archiveVersion = 1;
	classes = {
	};
	objectVersion = 46;
	objects = {

/* Begin PBXBuildFile section */
		BA025D0C1DC6D9BB006CC998 /* main.m in Sources */ = {isa = PBXBuildFile; fileRef = BA025D0B1DC6D9BB006CC998 /* main.m */; };
		BA025D0F1DC6D9BB006CC998 /* AppDelegate.m in Sources */ = {isa = PBXBuildFile; fileRef = BA025D0E1DC6D9BB006CC998 /* AppDelegate.m */; };
		BA025D121DC6D9BB006CC998 /* ViewController.m in Sources */ = {isa = PBXBuildFile; fileRef = BA025D111DC6D9BB006CC998 /* ViewController.m */; };
		BA025D151DC6D9BB006CC998 /* Main.storyboard in Resources */ = {isa = PBXBuildFile; fileRef = BA025D131DC6D9BB006CC998 /* Main.storyboard */; };
		BA025D171DC6D9BB006CC998 /* Assets.xcassets in Resources */ = {isa = PBXBuildFile; fileRef = BA025D161DC6D9BB006CC998 /* Assets.xcassets */; };
		BA025D1A1DC6D9BB006CC998 /* LaunchScreen.storyboard in Resources */ = {isa = PBXBuildFile; fileRef = BA025D181DC6D9BB006CC998 /* LaunchScreen.storyboard */; };
		BA025D251DC6D9BB006CC998 /* BlockKitsTests.m in Sources */ = {isa = PBXBuildFile; fileRef = BA025D241DC6D9BB006CC998 /* BlockKitsTests.m */; };
		BA025D321DC6D9CA006CC998 /* NSArray+FLAdd.m in Sources */ = {isa = PBXBuildFile; fileRef = BA025D311DC6D9CA006CC998 /* NSArray+FLAdd.m */; };
		BA025D341DC6D9FD006CC998 /* NSArrayBlockTest.m in Sources */ = {isa = PBXBuildFile; fileRef = BA025D331DC6D9FD006CC998 /* NSArrayBlockTest.m */; };
/* End PBXBuildFile section */

/* Begin PBXContainerItemProxy section */
		BA025D211DC6D9BB006CC998 /* PBXContainerItemProxy */ = {
			isa = PBXContainerItemProxy;
			containerPortal = BA025CFF1DC6D9BB006CC998 /* Project object */;
			proxyType = 1;
			remoteGlobalIDString = BA025D061DC6D9BB006CC998;
			remoteInfo = BlockKits;
		};
/* End PBXContainerItemProxy section */

/* Begin PBXFileReference section */
		BA025D071DC6D9BB006CC998 /* BlockKits.app */ = {isa = PBXFileReference; explicitFileType = wrapper.application; includeInIndex = 0; path = BlockKits.app; sourceTree = BUILT_PRODUCTS_DIR; };
		BA025D0B1DC6D9BB006CC998 /* main.m */ = {isa = PBXFileReference; lastKnownFileType = sourcecode.c.objc; path = main.m; sourceTree = "<group>"; };
		BA025D0D1DC6D9BB006CC998 /* AppDelegate.h */ = {isa = PBXFileReference; lastKnownFileType = sourcecode.c.h; path = AppDelegate.h; sourceTree = "<group>"; };
		BA025D0E1DC6D9BB006CC998 /* AppDelegate.m */ = {isa = PBXFileReference; lastKnownFileType = sourcecode.c.objc; path = AppDelegate.m; sourceTree = "<group>"; };
		BA025D101DC6D9BB006CC998 /* ViewController.h */ = {isa = PBXFileReference; lastKnownFileType = sourcecode.c.h; path = ViewController.h; sourceTree = "<group>"; };
		BA025D111DC6D9BB006CC998 /* ViewController.m */ = {isa = PBXFileReference; lastKnownFileType = sourcecode.c.objc; path = ViewController.m; sourceTree = "<group>"; };
		BA025D141DC6D9BB006CC998 /* Base */ = {isa = PBXFileReference; lastKnownFileType = file.storyboard; name = Base; path = Base.lproj/Main.storyboard; sourceTree = "<group>"; };
		BA025D161DC6D9BB006CC998 /* Assets.xcassets */ = {isa = PBXFileReference; lastKnownFileType = folder.assetcatalog; path = Assets.xcassets; sourceTree = "<group>"; };
		BA025D191DC6D9BB006CC998 /* Base */ = {isa = PBXFileReference; lastKnownFileType = file.storyboard; name = Base; path = Base.lproj/LaunchScreen.storyboard; sourceTree = "<group>"; };
		BA025D1B1DC6D9BB006CC998 /* Info.plist */ = {isa = PBXFileReference; lastKnownFileType = text.plist.xml; path = Info.plist; sourceTree = "<group>"; };
		BA025D201DC6D9BB006CC998 /* BlockKitsTests.xctest */ = {isa = PBXFileReference; explicitFileType = wrapper.cfbundle; includeInIndex = 0; path = BlockKitsTests.xctest; sourceTree = BUILT_PRODUCTS_DIR; };
		BA025D241DC6D9BB006CC998 /* BlockKitsTests.m */ = {isa = PBXFileReference; lastKnownFileType = sourcecode.c.objc; path = BlockKitsTests.m; sourceTree = "<group>"; };
		BA025D261DC6D9BB006CC998 /* Info.plist */ = {isa = PBXFileReference; lastKnownFileType = text.plist.xml; path = Info.plist; sourceTree = "<group>"; };
		BA025D301DC6D9CA006CC998 /* NSArray+FLAdd.h */ = {isa = PBXFileReference; fileEncoding = 4; lastKnownFileType = sourcecode.c.h; path = "NSArray+FLAdd.h"; sourceTree = "<group>"; };
		BA025D311DC6D9CA006CC998 /* NSArray+FLAdd.m */ = {isa = PBXFileReference; fileEncoding = 4; lastKnownFileType = sourcecode.c.objc; path = "NSArray+FLAdd.m"; sourceTree = "<group>"; };
		BA025D331DC6D9FD006CC998 /* NSArrayBlockTest.m */ = {isa = PBXFileReference; fileEncoding = 4; lastKnownFileType = sourcecode.c.objc; path = NSArrayBlockTest.m; sourceTree = "<group>"; };
/* End PBXFileReference section */

/* Begin PBXFrameworksBuildPhase section */
		BA025D041DC6D9BB006CC998 /* Frameworks */ = {
			isa = PBXFrameworksBuildPhase;
			buildActionMask = 2147483647;
			files = (
			);
			runOnlyForDeploymentPostprocessing = 0;
		};
		BA025D1D1DC6D9BB006CC998 /* Frameworks */ = {
			isa = PBXFrameworksBuildPhase;
			buildActionMask = 2147483647;
			files = (
			);
			runOnlyForDeploymentPostprocessing = 0;
		};
/* End PBXFrameworksBuildPhase section */

/* Begin PBXGroup section */
		BA025CFE1DC6D9BB006CC998 = {
			isa = PBXGroup;
			children = (
				BA025D091DC6D9BB006CC998 /* BlockKits */,
				BA025D231DC6D9BB006CC998 /* BlockKitsTests */,
				BA025D081DC6D9BB006CC998 /* Products */,
			);
			sourceTree = "<group>";
		};
		BA025D081DC6D9BB006CC998 /* Products */ = {
			isa = PBXGroup;
			children = (
				BA025D071DC6D9BB006CC998 /* BlockKits.app */,
				BA025D201DC6D9BB006CC998 /* BlockKitsTests.xctest */,
			);
			name = Products;
			sourceTree = "<group>";
		};
		BA025D091DC6D9BB006CC998 /* BlockKits */ = {
			isa = PBXGroup;
			children = (
				BA025D2F1DC6D9CA006CC998 /* Core */,
				BA025D0D1DC6D9BB006CC998 /* AppDelegate.h */,
				BA025D0E1DC6D9BB006CC998 /* AppDelegate.m */,
				BA025D101DC6D9BB006CC998 /* ViewController.h */,
				BA025D111DC6D9BB006CC998 /* ViewController.m */,
				BA025D131DC6D9BB006CC998 /* Main.storyboard */,
				BA025D161DC6D9BB006CC998 /* Assets.xcassets */,
				BA025D181DC6D9BB006CC998 /* LaunchScreen.storyboard */,
				BA025D1B1DC6D9BB006CC998 /* Info.plist */,
				BA025D0A1DC6D9BB006CC998 /* Supporting Files */,
			);
			path = BlockKits;
			sourceTree = "<group>";
		};
		BA025D0A1DC6D9BB006CC998 /* Supporting Files */ = {
			isa = PBXGroup;
			children = (
				BA025D0B1DC6D9BB006CC998 /* main.m */,
			);
			name = "Supporting Files";
			sourceTree = "<group>";
		};
		BA025D231DC6D9BB006CC998 /* BlockKitsTests */ = {
			isa = PBXGroup;
			children = (
				BA025D241DC6D9BB006CC998 /* BlockKitsTests.m */,
				BA025D331DC6D9FD006CC998 /* NSArrayBlockTest.m */,
				BA025D261DC6D9BB006CC998 /* Info.plist */,
			);
			path = BlockKitsTests;
			sourceTree = "<group>";
		};
		BA025D2F1DC6D9CA006CC998 /* Core */ = {
			isa = PBXGroup;
			children = (
				BA025D301DC6D9CA006CC998 /* NSArray+FLAdd.h */,
				BA025D311DC6D9CA006CC998 /* NSArray+FLAdd.m */,
			);
			path = Core;
			sourceTree = "<group>";
		};
/* End PBXGroup section */

/* Begin PBXNativeTarget section */
		BA025D061DC6D9BB006CC998 /* BlockKits */ = {
			isa = PBXNativeTarget;
			buildConfigurationList = BA025D291DC6D9BB006CC998 /* Build configuration list for PBXNativeTarget "BlockKits" */;
			buildPhases = (
				BA025D031DC6D9BB006CC998 /* Sources */,
				BA025D041DC6D9BB006CC998 /* Frameworks */,
				BA025D051DC6D9BB006CC998 /* Resources */,
			);
			buildRules = (
			);
			dependencies = (
			);
			name = BlockKits;
			productName = BlockKits;
			productReference = BA025D071DC6D9BB006CC998 /* BlockKits.app */;
			productType = "com.apple.product-type.application";
		};
		BA025D1F1DC6D9BB006CC998 /* BlockKitsTests */ = {
			isa = PBXNativeTarget;
			buildConfigurationList = BA025D2C1DC6D9BB006CC998 /* Build configuration list for PBXNativeTarget "BlockKitsTests" */;
			buildPhases = (
				BA025D1C1DC6D9BB006CC998 /* Sources */,
				BA025D1D1DC6D9BB006CC998 /* Frameworks */,
				BA025D1E1DC6D9BB006CC998 /* Resources */,
			);
			buildRules = (
			);
			dependencies = (
				BA025D221DC6D9BB006CC998 /* PBXTargetDependency */,
			);
			name = BlockKitsTests;
			productName = BlockKitsTests;
			productReference = BA025D201DC6D9BB006CC998 /* BlockKitsTests.xctest */;
			productType = "com.apple.product-type.bundle.unit-test";
		};
/* End PBXNativeTarget section */

/* Begin PBXProject section */
		BA025CFF1DC6D9BB006CC998 /* Project object */ = {
			isa = PBXProject;
			attributes = {
				LastUpgradeCheck = 0800;
				ORGANIZATIONNAME = wenhua;
				TargetAttributes = {
					BA025D061DC6D9BB006CC998 = {
						CreatedOnToolsVersion = 8.0;
						ProvisioningStyle = Automatic;
					};
					BA025D1F1DC6D9BB006CC998 = {
						CreatedOnToolsVersion = 8.0;
						ProvisioningStyle = Automatic;
						TestTargetID = BA025D061DC6D9BB006CC998;
					};
				};
			};
			buildConfigurationList = BA025D021DC6D9BB006CC998 /* Build configuration list for PBXProject "BlockKits" */;
			compatibilityVersion = "Xcode 3.2";
			developmentRegion = English;
			hasScannedForEncodings = 0;
			knownRegions = (
				en,
				Base,
			);
			mainGroup = BA025CFE1DC6D9BB006CC998;
			productRefGroup = BA025D081DC6D9BB006CC998 /* Products */;
			projectDirPath = "";
			projectRoot = "";
			targets = (
				BA025D061DC6D9BB006CC998 /* BlockKits */,
				BA025D1F1DC6D9BB006CC998 /* BlockKitsTests */,
			);
		};
/* End PBXProject section */

/* Begin PBXResourcesBuildPhase section */
		BA025D051DC6D9BB006CC998 /* Resources */ = {
			isa = PBXResourcesBuildPhase;
			buildActionMask = 2147483647;
			files = (
				BA025D1A1DC6D9BB006CC998 /* LaunchScreen.storyboard in Resources */,
				BA025D171DC6D9BB006CC998 /* Assets.xcassets in Resources */,
				BA025D151DC6D9BB006CC998 /* Main.storyboard in Resources */,
			);
			runOnlyForDeploymentPostprocessing = 0;
		};
		BA025D1E1DC6D9BB006CC998 /* Resources */ = {
			isa = PBXResourcesBuildPhase;
			buildActionMask = 2147483647;
			files = (
			);
			runOnlyForDeploymentPostprocessing = 0;
		};
/* End PBXResourcesBuildPhase section */

/* Begin PBXSourcesBuildPhase section */
		BA025D031DC6D9BB006CC998 /* Sources */ = {
			isa = PBXSourcesBuildPhase;
			buildActionMask = 2147483647;
			files = (
				BA025D321DC6D9CA006CC998 /* NSArray+FLAdd.m in Sources */,
				BA025D121DC6D9BB006CC998 /* ViewController.m in Sources */,
				BA025D0F1DC6D9BB006CC998 /* AppDelegate.m in Sources */,
				BA025D0C1DC6D9BB006CC998 /* main.m in Sources */,
			);
			runOnlyForDeploymentPostprocessing = 0;
		};
		BA025D1C1DC6D9BB006CC998 /* Sources */ = {
			isa = PBXSourcesBuildPhase;
			buildActionMask = 2147483647;
			files = (
				BA025D341DC6D9FD006CC998 /* NSArrayBlockTest.m in Sources */,
				BA025D251DC6D9BB006CC998 /* BlockKitsTests.m in Sources */,
			);
			runOnlyForDeploymentPostprocessing = 0;
		};
/* End PBXSourcesBuildPhase section */

/* Begin PBXTargetDependency section */
		BA025D221DC6D9BB006CC998 /* PBXTargetDependency */ = {
			isa = PBXTargetDependency;
			target = BA025D061DC6D9BB006CC998 /* BlockKits */;
			targetProxy = BA025D211DC6D9BB006CC998 /* PBXContainerItemProxy */;
		};
/* End PBXTargetDependency section */

/* Begin PBXVariantGroup section */
		BA025D131DC6D9BB006CC998 /* Main.storyboard */ = {
			isa = PBXVariantGroup;
			children = (
				BA025D141DC6D9BB006CC998 /* Base */,
			);
			name = Main.storyboard;
			sourceTree = "<group>";
		};
		BA025D181DC6D9BB006CC998 /* LaunchScreen.storyboard */ = {
			isa = PBXVariantGroup;
			children = (
				BA025D191DC6D9BB006CC998 /* Base */,
			);
			name = LaunchScreen.storyboard;
			sourceTree = "<group>";
		};
/* End PBXVariantGroup section */

/* Begin XCBuildConfiguration section */
		BA025D271DC6D9BB006CC998 /* Debug */ = {
			isa = XCBuildConfiguration;
			buildSettings = {
				ALWAYS_SEARCH_USER_PATHS = NO;
				CLANG_ANALYZER_NONNULL = YES;
				CLANG_CXX_LANGUAGE_STANDARD = "gnu++0x";
				CLANG_CXX_LIBRARY = "libc++";
				CLANG_ENABLE_MODULES = YES;
				CLANG_ENABLE_OBJC_ARC = YES;
				CLANG_WARN_BOOL_CONVERSION = YES;
				CLANG_WARN_CONSTANT_CONVERSION = YES;
				CLANG_WARN_DIRECT_OBJC_ISA_USAGE = YES_ERROR;
				CLANG_WARN_DOCUMENTATION_COMMENTS = YES;
				CLANG_WARN_EMPTY_BODY = YES;
				CLANG_WARN_ENUM_CONVERSION = YES;
				CLANG_WARN_INFINITE_RECURSION = YES;
				CLANG_WARN_INT_CONVERSION = YES;
				CLANG_WARN_OBJC_ROOT_CLASS = YES_ERROR;
				CLANG_WARN_SUSPICIOUS_MOVES = YES;
				CLANG_WARN_UNREACHABLE_CODE = YES;
				CLANG_WARN__DUPLICATE_METHOD_MATCH = YES;
				"CODE_SIGN_IDENTITY[sdk=iphoneos*]" = "iPhone Developer";
				COPY_PHASE_STRIP = NO;
				DEBUG_INFORMATION_FORMAT = dwarf;
				ENABLE_STRICT_OBJC_MSGSEND = YES;
				ENABLE_TESTABILITY = YES;
				GCC_C_LANGUAGE_STANDARD = gnu99;
				GCC_DYNAMIC_NO_PIC = NO;
				GCC_NO_COMMON_BLOCKS = YES;
				GCC_OPTIMIZATION_LEVEL = 0;
				GCC_PREPROCESSOR_DEFINITIONS = (
					"DEBUG=1",
					"$(inherited)",
				);
				GCC_WARN_64_TO_32_BIT_CONVERSION = YES;
				GCC_WARN_ABOUT_RETURN_TYPE = YES_ERROR;
				GCC_WARN_UNDECLARED_SELECTOR = YES;
				GCC_WARN_UNINITIALIZED_AUTOS = YES_AGGRESSIVE;
				GCC_WARN_UNUSED_FUNCTION = YES;
				GCC_WARN_UNUSED_VARIABLE = YES;
				IPHONEOS_DEPLOYMENT_TARGET = 10.0;
				MTL_ENABLE_DEBUG_INFO = YES;
				ONLY_ACTIVE_ARCH = YES;
				SDKROOT = iphoneos;
			};
			name = Debug;
		};
		BA025D281DC6D9BB006CC998 /* Release */ = {
			isa = XCBuildConfiguration;
			buildSettings = {
				ALWAYS_SEARCH_USER_PATHS = NO;
				CLANG_ANALYZER_NONNULL = YES;
				CLANG_CXX_LANGUAGE_STANDARD = "gnu++0x";
				CLANG_CXX_LIBRARY = "libc++";
				CLANG_ENABLE_MODULES = YES;
				CLANG_ENABLE_OBJC_ARC = YES;
				CLANG_WARN_BOOL_CONVERSION = YES;
				CLANG_WARN_CONSTANT_CONVERSION = YES;
				CLANG_WARN_DIRECT_OBJC_ISA_USAGE = YES_ERROR;
				CLANG_WARN_DOCUMENTATION_COMMENTS = YES;
				CLANG_WARN_EMPTY_BODY = YES;
				CLANG_WARN_ENUM_CONVERSION = YES;
				CLANG_WARN_INFINITE_RECURSION = YES;
				CLANG_WARN_INT_CONVERSION = YES;
				CLANG_WARN_OBJC_ROOT_CLASS = YES_ERROR;
				CLANG_WARN_SUSPICIOUS_MOVES = YES;
				CLANG_WARN_UNREACHABLE_CODE = YES;
				CLANG_WARN__DUPLICATE_METHOD_MATCH = YES;
				"CODE_SIGN_IDENTITY[sdk=iphoneos*]" = "iPhone Developer";
				COPY_PHASE_STRIP = NO;
				DEBUG_INFORMATION_FORMAT = "dwarf-with-dsym";
				ENABLE_NS_ASSERTIONS = NO;
				ENABLE_STRICT_OBJC_MSGSEND = YES;
				GCC_C_LANGUAGE_STANDARD = gnu99;
				GCC_NO_COMMON_BLOCKS = YES;
				GCC_WARN_64_TO_32_BIT_CONVERSION = YES;
				GCC_WARN_ABOUT_RETURN_TYPE = YES_ERROR;
				GCC_WARN_UNDECLARED_SELECTOR = YES;
				GCC_WARN_UNINITIALIZED_AUTOS = YES_AGGRESSIVE;
				GCC_WARN_UNUSED_FUNCTION = YES;
				GCC_WARN_UNUSED_VARIABLE = YES;
				IPHONEOS_DEPLOYMENT_TARGET = 10.0;
				MTL_ENABLE_DEBUG_INFO = NO;
				SDKROOT = iphoneos;
				VALIDATE_PRODUCT = YES;
			};
			name = Release;
		};
		BA025D2A1DC6D9BB006CC998 /* Debug */ = {
			isa = XCBuildConfiguration;
			buildSettings = {
				ASSETCATALOG_COMPILER_APPICON_NAME = AppIcon;
				INFOPLIST_FILE = BlockKits/Info.plist;
				LD_RUNPATH_SEARCH_PATHS = "$(inherited) @executable_path/Frameworks";
				PRODUCT_BUNDLE_IDENTIFIER = com.quanshi.BlockKits;
				PRODUCT_NAME = "$(TARGET_NAME)";
			};
			name = Debug;
		};
		BA025D2B1DC6D9BB006CC998 /* Release */ = {
			isa = XCBuildConfiguration;
			buildSettings = {
				ASSETCATALOG_COMPILER_APPICON_NAME = AppIcon;
				INFOPLIST_FILE = BlockKits/Info.plist;
				LD_RUNPATH_SEARCH_PATHS = "$(inherited) @executable_path/Frameworks";
				PRODUCT_BUNDLE_IDENTIFIER = com.quanshi.BlockKits;
				PRODUCT_NAME = "$(TARGET_NAME)";
			};
			name = Release;
		};
		BA025D2D1DC6D9BB006CC998 /* Debug */ = {
			isa = XCBuildConfiguration;
			buildSettings = {
				BUNDLE_LOADER = "$(TEST_HOST)";
				INFOPLIST_FILE = BlockKitsTests/Info.plist;
				LD_RUNPATH_SEARCH_PATHS = "$(inherited) @executable_path/Frameworks @loader_path/Frameworks";
				PRODUCT_BUNDLE_IDENTIFIER = com.quanshi.BlockKitsTests;
				PRODUCT_NAME = "$(TARGET_NAME)";
				TEST_HOST = "$(BUILT_PRODUCTS_DIR)/BlockKits.app/BlockKits";
			};
			name = Debug;
		};
		BA025D2E1DC6D9BB006CC998 /* Release */ = {
			isa = XCBuildConfiguration;
			buildSettings = {
				BUNDLE_LOADER = "$(TEST_HOST)";
				INFOPLIST_FILE = BlockKitsTests/Info.plist;
				LD_RUNPATH_SEARCH_PATHS = "$(inherited) @executable_path/Frameworks @loader_path/Frameworks";
				PRODUCT_BUNDLE_IDENTIFIER = com.quanshi.BlockKitsTests;
				PRODUCT_NAME = "$(TARGET_NAME)";
				TEST_HOST = "$(BUILT_PRODUCTS_DIR)/BlockKits.app/BlockKits";
			};
			name = Release;
		};
/* End XCBuildConfiguration section */

/* Begin XCConfigurationList section */
		BA025D021DC6D9BB006CC998 /* Build configuration list for PBXProject "BlockKits" */ = {
			isa = XCConfigurationList;
			buildConfigurations = (
				BA025D271DC6D9BB006CC998 /* Debug */,
				BA025D281DC6D9BB006CC998 /* Release */,
			);
			defaultConfigurationIsVisible = 0;
			defaultConfigurationName = Release;
		};
		BA025D291DC6D9BB006CC998 /* Build configuration list for PBXNativeTarget "BlockKits" */ = {
			isa = XCConfigurationList;
			buildConfigurations = (
				BA025D2A1DC6D9BB006CC998 /* Debug */,
				BA025D2B1DC6D9BB006CC998 /* Release */,
			);
			defaultConfigurationIsVisible = 0;
		};
		BA025D2C1DC6D9BB006CC998 /* Build configuration list for PBXNativeTarget "BlockKitsTests" */ = {
			isa = XCConfigurationList;
			buildConfigurations = (
				BA025D2D1DC6D9BB006CC998 /* Debug */,
				BA025D2E1DC6D9BB006CC998 /* Release */,
			);
			defaultConfigurationIsVisible = 0;
		};
/* End XCConfigurationList section */
	};
	rootObject = BA025CFF1DC6D9BB006CC998 /* Project object */;
}
